// !$*UTF8*$!
{
	archiveVersion = 1;
	classes = {
	};
	objectVersion = 56;
	objects = {

/* Begin PBXBuildFile section */
		A10000010000000000000001 /* APIClient.swift in Sources */ = {isa = PBXBuildFile; fileRef = A10001010000000000000001 /* APIClient.swift */; };
		A10000010000000000000002 /* CategoryTypeaheadSupport.swift in Sources */ = {isa = PBXBuildFile; fileRef = A10001010000000000000002 /* CategoryTypeaheadSupport.swift */; };
		A10000010000000000000003 /* ClassificationViewModel.swift in Sources */ = {isa = PBXBuildFile; fileRef = A10001010000000000000003 /* ClassificationViewModel.swift */; };
		A10000010000000000000004 /* ContentView.swift in Sources */ = {isa = PBXBuildFile; fileRef = A10001010000000000000004 /* ContentView.swift */; };
		A10000010000000000000005 /* Models.swift in Sources */ = {isa = PBXBuildFile; fileRef = A10001010000000000000005 /* Models.swift */; };
		A10000010000000000000006 /* TransactionClassifierApp.swift in Sources */ = {isa = PBXBuildFile; fileRef = A10001010000000000000006 /* TransactionClassifierApp.swift */; };
		A10000010000000000000007 /* UITestingSupport.swift in Sources */ = {isa = PBXBuildFile; fileRef = A10001010000000000000007 /* UITestingSupport.swift */; };
		A10000010000000000000008 /* TransactionClassifierUITests.swift in Sources */ = {isa = PBXBuildFile; fileRef = A10001010000000000000008 /* TransactionClassifierUITests.swift */; };
		A10000010000000000000009 /* XCTest.framework in Frameworks */ = {isa = PBXBuildFile; fileRef = A10001010000000000000009 /* XCTest.framework */; };
		A10000010000000000000010 /* ConnectAPIClient.swift in Sources */ = {isa = PBXBuildFile; fileRef = A10001010000000000000012 /* ConnectAPIClient.swift */; };
		A10000010000000000000011 /* ConnectModels.swift in Sources */ = {isa = PBXBuildFile; fileRef = A10001010000000000000013 /* ConnectModels.swift */; };
		A10000010000000000000012 /* ConnectView.swift in Sources */ = {isa = PBXBuildFile; fileRef = A10001010000000000000014 /* ConnectView.swift */; };
		A10000010000000000000013 /* ConnectViewModel.swift in Sources */ = {isa = PBXBuildFile; fileRef = A10001010000000000000015 /* ConnectViewModel.swift */; };
		A10000010000000000000014 /* CrashReporterService.swift in Sources */ = {isa = PBXBuildFile; fileRef = A10001010000000000000016 /* CrashReporterService.swift */; };
		A10000010000000000000016 /* TellerSetupService.swift in Sources */ = {isa = PBXBuildFile; fileRef = A10001010000000000000017 /* TellerSetupService.swift */; };
		A10000010000000000000017 /* AppActivation.swift in Sources */ = {isa = PBXBuildFile; fileRef = A10001010000000000000018 /* AppActivation.swift */; };
		A10000010000000000000018 /* EmailAmountScrollSupport.swift in Sources */ = {isa = PBXBuildFile; fileRef = A10001010000000000000019 /* EmailAmountScrollSupport.swift */; };
		A10000010000000000000020 /* LocalClassifierTLS.swift in Sources */ = {isa = PBXBuildFile; fileRef = A10001010000000000000020 /* LocalClassifierTLS.swift */; };
		A10000010000000000000021 /* TransactionListProfiler.swift in Sources */ = {isa = PBXBuildFile; fileRef = A10001010000000000000021 /* TransactionListProfiler.swift */; };
		A10000010000000000000022 /* UITestingFixtureClassificationAPI.swift in Sources */ = {isa = PBXBuildFile; fileRef = A10001010000000000000022 /* UITestingFixtureClassificationAPI.swift */; };
		A10000010000000000000023 /* UITestingFixtureConnectAPI.swift in Sources */ = {isa = PBXBuildFile; fileRef = A10001010000000000000023 /* UITestingFixtureConnectAPI.swift */; };
		A10000010000000000000024 /* UITestingFixtureSetupAPI.swift in Sources */ = {isa = PBXBuildFile; fileRef = A10001010000000000000024 /* UITestingFixtureSetupAPI.swift */; };
		A10000010000000000000025 /* ClassificationViewModel+TransactionLoading.swift in Sources */ = {isa = PBXBuildFile; fileRef = A10001010000000000000025 /* ClassificationViewModel+TransactionLoading.swift */; };
		A10000010000000000000026 /* MatchAndClassifyViews.swift in Sources */ = {isa = PBXBuildFile; fileRef = A10001010000000000000026 /* MatchAndClassifyViews.swift */; };
		A10000010000000000000027 /* CategoryManagerViews.swift in Sources */ = {isa = PBXBuildFile; fileRef = A10001010000000000000027 /* CategoryManagerViews.swift */; };
		A10000010000000000000028 /* ClassificationViewModel+ClassificationActions.swift in Sources */ = {isa = PBXBuildFile; fileRef = A10001010000000000000028 /* ClassificationViewModel+ClassificationActions.swift */; };
		A10000010000000000000029 /* ClassificationViewModel+MatchReview.swift in Sources */ = {isa = PBXBuildFile; fileRef = A10001010000000000000029 /* ClassificationViewModel+MatchReview.swift */; };
		A10000010000000000000030 /* ClassificationViewModel+CategoryEditor.swift in Sources */ = {isa = PBXBuildFile; fileRef = A10001010000000000000030 /* ClassificationViewModel+CategoryEditor.swift */; };
		A10000010000000000000031 /* ConnectWebFlowHTML.swift in Sources */ = {isa = PBXBuildFile; fileRef = A10001010000000000000031 /* ConnectWebFlowHTML.swift */; };
		A10000010000000000000032 /* ConnectWebFlowScript.swift in Sources */ = {isa = PBXBuildFile; fileRef = A10001010000000000000032 /* ConnectWebFlowScript.swift */; };
		A10000010000000000000033 /* ConnectWebFlowStyles.swift in Sources */ = {isa = PBXBuildFile; fileRef = A10001010000000000000033 /* ConnectWebFlowStyles.swift */; };
		A10000010000000000000015 /* CrashReporter in Frameworks */ = {isa = PBXBuildFile; productRef = A1000B010000000000000001 /* CrashReporter */; };
/* End PBXBuildFile section */

/* Begin PBXContainerItemProxy section */
		A10007010000000000000001 /* PBXContainerItemProxy */ = {
			isa = PBXContainerItemProxy;
			containerPortal = A10009010000000000000001 /* Project object */;
			proxyType = 1;
			remoteGlobalIDString = A10008010000000000000002;
			remoteInfo = TransactionClassifierUITestHost;
		};
/* End PBXContainerItemProxy section */

/* Begin PBXFileReference section */
		A10001010000000000000001 /* APIClient.swift */ = {isa = PBXFileReference; lastKnownFileType = sourcecode.swift; path = APIClient.swift; sourceTree = "<group>"; };
		A10001010000000000000002 /* CategoryTypeaheadSupport.swift */ = {isa = PBXFileReference; lastKnownFileType = sourcecode.swift; path = CategoryTypeaheadSupport.swift; sourceTree = "<group>"; };
		A10001010000000000000003 /* ClassificationViewModel.swift */ = {isa = PBXFileReference; lastKnownFileType = sourcecode.swift; path = ClassificationViewModel.swift; sourceTree = "<group>"; };
		A10001010000000000000004 /* ContentView.swift */ = {isa = PBXFileReference; lastKnownFileType = sourcecode.swift; path = ContentView.swift; sourceTree = "<group>"; };
		A10001010000000000000005 /* Models.swift */ = {isa = PBXFileReference; lastKnownFileType = sourcecode.swift; path = Models.swift; sourceTree = "<group>"; };
		A10001010000000000000006 /* TransactionClassifierApp.swift */ = {isa = PBXFileReference; lastKnownFileType = sourcecode.swift; path = TransactionClassifierApp.swift; sourceTree = "<group>"; };
		A10001010000000000000007 /* UITestingSupport.swift */ = {isa = PBXFileReference; lastKnownFileType = sourcecode.swift; path = UITestingSupport.swift; sourceTree = "<group>"; };
		A10001010000000000000008 /* TransactionClassifierUITests.swift */ = {isa = PBXFileReference; lastKnownFileType = sourcecode.swift; path = TransactionClassifierUITests.swift; sourceTree = "<group>"; };
		A10001010000000000000009 /* XCTest.framework */ = {isa = PBXFileReference; lastKnownFileType = wrapper.framework; name = XCTest.framework; path = Platforms/MacOSX.platform/Developer/Library/Frameworks/XCTest.framework; sourceTree = DEVELOPER_DIR; };
		A10001010000000000000010 /* TransactionClassifierUITestHost.app */ = {isa = PBXFileReference; explicitFileType = wrapper.application; includeInIndex = 0; path = TransactionClassifierUITestHost.app; sourceTree = BUILT_PRODUCTS_DIR; };
		A10001010000000000000011 /* TransactionClassifierUITests.xctest */ = {isa = PBXFileReference; explicitFileType = wrapper.cfbundle; includeInIndex = 0; path = TransactionClassifierUITests.xctest; sourceTree = BUILT_PRODUCTS_DIR; };
		A10001010000000000000012 /* ConnectAPIClient.swift */ = {isa = PBXFileReference; lastKnownFileType = sourcecode.swift; path = ConnectAPIClient.swift; sourceTree = "<group>"; };
		A10001010000000000000013 /* ConnectModels.swift */ = {isa = PBXFileReference; lastKnownFileType = sourcecode.swift; path = ConnectModels.swift; sourceTree = "<group>"; };
		A10001010000000000000014 /* ConnectView.swift */ = {isa = PBXFileReference; lastKnownFileType = sourcecode.swift; path = ConnectView.swift; sourceTree = "<group>"; };
		A10001010000000000000015 /* ConnectViewModel.swift */ = {isa = PBXFileReference; lastKnownFileType = sourcecode.swift; path = ConnectViewModel.swift; sourceTree = "<group>"; };
		A10001010000000000000016 /* CrashReporterService.swift */ = {isa = PBXFileReference; lastKnownFileType = sourcecode.swift; path = CrashReporterService.swift; sourceTree = "<group>"; };
		A10001010000000000000017 /* TellerSetupService.swift */ = {isa = PBXFileReference; lastKnownFileType = sourcecode.swift; path = TellerSetupService.swift; sourceTree = "<group>"; };
		A10001010000000000000018 /* AppActivation.swift */ = {isa = PBXFileReference; lastKnownFileType = sourcecode.swift; path = AppActivation.swift; sourceTree = "<group>"; };
		A10001010000000000000019 /* EmailAmountScrollSupport.swift */ = {isa = PBXFileReference; lastKnownFileType = sourcecode.swift; path = EmailAmountScrollSupport.swift; sourceTree = "<group>"; };
		A10001010000000000000020 /* LocalClassifierTLS.swift */ = {isa = PBXFileReference; lastKnownFileType = sourcecode.swift; path = LocalClassifierTLS.swift; sourceTree = "<group>"; };
		A10001010000000000000021 /* TransactionListProfiler.swift */ = {isa = PBXFileReference; lastKnownFileType = sourcecode.swift; path = TransactionListProfiler.swift; sourceTree = "<group>"; };
		A10001010000000000000022 /* UITestingFixtureClassificationAPI.swift */ = {isa = PBXFileReference; lastKnownFileType = sourcecode.swift; path = UITestingFixtureClassificationAPI.swift; sourceTree = "<group>"; };
		A10001010000000000000023 /* UITestingFixtureConnectAPI.swift */ = {isa = PBXFileReference; lastKnownFileType = sourcecode.swift; path = UITestingFixtureConnectAPI.swift; sourceTree = "<group>"; };
		A10001010000000000000024 /* UITestingFixtureSetupAPI.swift */ = {isa = PBXFileReference; lastKnownFileType = sourcecode.swift; path = UITestingFixtureSetupAPI.swift; sourceTree = "<group>"; };
		A10001010000000000000025 /* ClassificationViewModel+TransactionLoading.swift */ = {isa = PBXFileReference; lastKnownFileType = sourcecode.swift; path = "ClassificationViewModel+TransactionLoading.swift"; sourceTree = "<group>"; };
		A10001010000000000000026 /* MatchAndClassifyViews.swift */ = {isa = PBXFileReference; lastKnownFileType = sourcecode.swift; path = MatchAndClassifyViews.swift; sourceTree = "<group>"; };
		A10001010000000000000027 /* CategoryManagerViews.swift */ = {isa = PBXFileReference; lastKnownFileType = sourcecode.swift; path = CategoryManagerViews.swift; sourceTree = "<group>"; };
		A10001010000000000000028 /* ClassificationViewModel+ClassificationActions.swift */ = {isa = PBXFileReference; lastKnownFileType = sourcecode.swift; path = "ClassificationViewModel+ClassificationActions.swift"; sourceTree = "<group>"; };
		A10001010000000000000029 /* ClassificationViewModel+MatchReview.swift */ = {isa = PBXFileReference; lastKnownFileType = sourcecode.swift; path = "ClassificationViewModel+MatchReview.swift"; sourceTree = "<group>"; };
		A10001010000000000000030 /* ClassificationViewModel+CategoryEditor.swift */ = {isa = PBXFileReference; lastKnownFileType = sourcecode.swift; path = "ClassificationViewModel+CategoryEditor.swift"; sourceTree = "<group>"; };
		A10001010000000000000031 /* ConnectWebFlowHTML.swift */ = {isa = PBXFileReference; lastKnownFileType = sourcecode.swift; path = ConnectWebFlowHTML.swift; sourceTree = "<group>"; };
		A10001010000000000000032 /* ConnectWebFlowScript.swift */ = {isa = PBXFileReference; lastKnownFileType = sourcecode.swift; path = ConnectWebFlowScript.swift; sourceTree = "<group>"; };
		A10001010000000000000033 /* ConnectWebFlowStyles.swift */ = {isa = PBXFileReference; lastKnownFileType = sourcecode.swift; path = ConnectWebFlowStyles.swift; sourceTree = "<group>"; };
/* End PBXFileReference section */

/* Begin PBXFrameworksBuildPhase section */
		A10002010000000000000001 /* Frameworks */ = {
			isa = PBXFrameworksBuildPhase;
			buildActionMask = 2147483647;
			files = (
				A10000010000000000000015 /* CrashReporter in Frameworks */,
			);
			runOnlyForDeploymentPostprocessing = 0;
		};
		A10002010000000000000002 /* Frameworks */ = {
			isa = PBXFrameworksBuildPhase;
			buildActionMask = 2147483647;
			files = (
				A10000010000000000000009 /* XCTest.framework in Frameworks */,
			);
			runOnlyForDeploymentPostprocessing = 0;
		};
/* End PBXFrameworksBuildPhase section */

/* Begin PBXGroup section */
		A10003010000000000000001 = {
			isa = PBXGroup;
			children = (
				A10003010000000000000002 /* Sources */,
				A10003010000000000000003 /* UITests */,
				A10003010000000000000004 /* Frameworks */,
				A10003010000000000000005 /* Products */,
			);
			sourceTree = "<group>";
		};
		A10003010000000000000002 /* Sources */ = {
			isa = PBXGroup;
			path = Sources/TransactionClassifier;
			sourceTree = SOURCE_ROOT;
			children = (
				A10001010000000000000001 /* APIClient.swift */,
				A10001010000000000000002 /* CategoryTypeaheadSupport.swift */,
				A10001010000000000000003 /* ClassificationViewModel.swift */,
				A10001010000000000000004 /* ContentView.swift */,
				A10001010000000000000005 /* Models.swift */,
				A10001010000000000000006 /* TransactionClassifierApp.swift */,
				A10001010000000000000007 /* UITestingSupport.swift */,
				A10001010000000000000012 /* ConnectAPIClient.swift */,
				A10001010000000000000013 /* ConnectModels.swift */,
				A10001010000000000000014 /* ConnectView.swift */,
				A10001010000000000000031 /* ConnectWebFlowHTML.swift */,
				A10001010000000000000032 /* ConnectWebFlowScript.swift */,
				A10001010000000000000033 /* ConnectWebFlowStyles.swift */,
				A10001010000000000000015 /* ConnectViewModel.swift */,
				A10001010000000000000016 /* CrashReporterService.swift */,
				A10001010000000000000017 /* TellerSetupService.swift */,
				A10001010000000000000018 /* AppActivation.swift */,
				A10001010000000000000019 /* EmailAmountScrollSupport.swift */,
				A10001010000000000000020 /* LocalClassifierTLS.swift */,
				A10001010000000000000021 /* TransactionListProfiler.swift */,
				A10001010000000000000022 /* UITestingFixtureClassificationAPI.swift */,
				A10001010000000000000023 /* UITestingFixtureConnectAPI.swift */,
				A10001010000000000000024 /* UITestingFixtureSetupAPI.swift */,
				A10001010000000000000025 /* ClassificationViewModel+TransactionLoading.swift */,
				A10001010000000000000026 /* MatchAndClassifyViews.swift */,
				A10001010000000000000027 /* CategoryManagerViews.swift */,
				A10001010000000000000028 /* ClassificationViewModel+ClassificationActions.swift */,
				A10001010000000000000029 /* ClassificationViewModel+MatchReview.swift */,
				A10001010000000000000030 /* ClassificationViewModel+CategoryEditor.swift */,
			);
		};
		A10003010000000000000003 /* UITests */ = {
			isa = PBXGroup;
			path = UITests;
			sourceTree = SOURCE_ROOT;
			children = (
				A10001010000000000000008 /* TransactionClassifierUITests.swift */,
			);
		};
		A10003010000000000000004 /* Frameworks */ = {
			isa = PBXGroup;
			children = (
				A10001010000000000000009 /* XCTest.framework */,
			);
			sourceTree = "<group>";
		};
		A10003010000000000000005 /* Products */ = {
			isa = PBXGroup;
			children = (
				A10001010000000000000010 /* TransactionClassifierUITestHost.app */,
				A10001010000000000000011 /* TransactionClassifierUITests.xctest */,
			);
			name = Products;
			sourceTree = "<group>";
		};
/* End PBXGroup section */

/* Begin PBXNativeTarget section */
		A10008010000000000000002 /* TransactionClassifierUITestHost */ = {
			isa = PBXNativeTarget;
			buildConfigurationList = A10006010000000000000001 /* Build configuration list for PBXNativeTarget "TransactionClassifierUITestHost" */;
			buildPhases = (
				A10002010000000000000001 /* Frameworks */,
				A10004010000000000000001 /* Sources */,
			);
			buildRules = (
			);
			dependencies = (
			);
			name = TransactionClassifierUITestHost;
			packageProductDependencies = (
				A1000B010000000000000001 /* CrashReporter */,
			);
			productName = TransactionClassifierUITestHost;
			productReference = A10001010000000000000010 /* TransactionClassifierUITestHost.app */;
			productType = "com.apple.product-type.application";
		};
		A10008010000000000000003 /* TransactionClassifierUITests */ = {
			isa = PBXNativeTarget;
			buildConfigurationList = A10006010000000000000002 /* Build configuration list for PBXNativeTarget "TransactionClassifierUITests" */;
			buildPhases = (
				A10002010000000000000002 /* Frameworks */,
				A10004010000000000000002 /* Sources */,
			);
			buildRules = (
			);
			dependencies = (
				A10007010000000000000002 /* PBXTargetDependency */,
			);
			name = TransactionClassifierUITests;
			productName = TransactionClassifierUITests;
			productReference = A10001010000000000000011 /* TransactionClassifierUITests.xctest */;
			productType = "com.apple.product-type.bundle.ui-testing";
		};
/* End PBXNativeTarget section */

/* Begin PBXProject section */
		A10009010000000000000001 /* Project object */ = {
			isa = PBXProject;
			attributes = {
				BuildIndependentTargetsInParallel = 1;
				LastUpgradeCheck = 1540;
			};
			buildConfigurationList = A10006010000000000000003 /* Build configuration list for PBXProject "TransactionClassifierUIAutomation" */;
			compatibilityVersion = "Xcode 14.0";
			developmentRegion = en;
			hasScannedForEncodings = 0;
			knownRegions = (
				en,
				Base,
			);
			mainGroup = A10003010000000000000001;
			packageReferences = (
				A1000A010000000000000001 /* XCRemoteSwiftPackageReference "plcrashreporter" */,
			);
			productRefGroup = A10003010000000000000005 /* Products */;
			projectDirPath = "";
			projectRoot = "";
			targets = (
				A10008010000000000000002 /* TransactionClassifierUITestHost */,
				A10008010000000000000003 /* TransactionClassifierUITests */,
			);
		};
/* End PBXProject section */

/* Begin PBXSourcesBuildPhase section */
		A10004010000000000000001 /* Sources */ = {
			isa = PBXSourcesBuildPhase;
			buildActionMask = 2147483647;
			files = (
				A10000010000000000000001 /* APIClient.swift in Sources */,
				A10000010000000000000002 /* CategoryTypeaheadSupport.swift in Sources */,
				A10000010000000000000003 /* ClassificationViewModel.swift in Sources */,
				A10000010000000000000004 /* ContentView.swift in Sources */,
				A10000010000000000000005 /* Models.swift in Sources */,
				A10000010000000000000006 /* TransactionClassifierApp.swift in Sources */,
				A10000010000000000000007 /* UITestingSupport.swift in Sources */,
				A10000010000000000000010 /* ConnectAPIClient.swift in Sources */,
				A10000010000000000000011 /* ConnectModels.swift in Sources */,
				A10000010000000000000012 /* ConnectView.swift in Sources */,
				A10000010000000000000031 /* ConnectWebFlowHTML.swift in Sources */,
				A10000010000000000000032 /* ConnectWebFlowScript.swift in Sources */,
				A10000010000000000000033 /* ConnectWebFlowStyles.swift in Sources */,
				A10000010000000000000013 /* ConnectViewModel.swift in Sources */,
				A10000010000000000000014 /* CrashReporterService.swift in Sources */,
				A10000010000000000000016 /* TellerSetupService.swift in Sources */,
				A10000010000000000000017 /* AppActivation.swift in Sources */,
				A10000010000000000000018 /* EmailAmountScrollSupport.swift in Sources */,
				A10000010000000000000020 /* LocalClassifierTLS.swift in Sources */,
				A10000010000000000000021 /* TransactionListProfiler.swift in Sources */,
				A10000010000000000000022 /* UITestingFixtureClassificationAPI.swift in Sources */,
				A10000010000000000000023 /* UITestingFixtureConnectAPI.swift in Sources */,
				A10000010000000000000024 /* UITestingFixtureSetupAPI.swift in Sources */,
				A10000010000000000000025 /* ClassificationViewModel+TransactionLoading.swift in Sources */,
				A10000010000000000000026 /* MatchAndClassifyViews.swift in Sources */,
				A10000010000000000000027 /* CategoryManagerViews.swift in Sources */,
				A10000010000000000000028 /* ClassificationViewModel+ClassificationActions.swift in Sources */,
				A10000010000000000000029 /* ClassificationViewModel+MatchReview.swift in Sources */,
				A10000010000000000000030 /* ClassificationViewModel+CategoryEditor.swift in Sources */,
			);
			runOnlyForDeploymentPostprocessing = 0;
		};
		A10004010000000000000002 /* Sources */ = {
			isa = PBXSourcesBuildPhase;
			buildActionMask = 2147483647;
			files = (
				A10000010000000000000008 /* TransactionClassifierUITests.swift in Sources */,
			);
			runOnlyForDeploymentPostprocessing = 0;
		};
/* End PBXSourcesBuildPhase section */

/* Begin PBXTargetDependency section */
		A10007010000000000000002 /* PBXTargetDependency */ = {
			isa = PBXTargetDependency;
			target = A10008010000000000000002 /* TransactionClassifierUITestHost */;
			targetProxy = A10007010000000000000001 /* PBXContainerItemProxy */;
		};
/* End PBXTargetDependency section */

/* Begin XCRemoteSwiftPackageReference section */
		A1000A010000000000000001 /* XCRemoteSwiftPackageReference "plcrashreporter" */ = {
			isa = XCRemoteSwiftPackageReference;
			repositoryURL = "https://github.com/microsoft/plcrashreporter.git";
			requirement = {
				kind = upToNextMajorVersion;
				minimumVersion = 1.12.0;
			};
		};
/* End XCRemoteSwiftPackageReference section */

/* Begin XCSwiftPackageProductDependency section */
		A1000B010000000000000001 /* CrashReporter */ = {
			isa = XCSwiftPackageProductDependency;
			package = A1000A010000000000000001 /* XCRemoteSwiftPackageReference "plcrashreporter" */;
			productName = CrashReporter;
		};
/* End XCSwiftPackageProductDependency section */

/* Begin XCBuildConfiguration section */
		A10005010000000000000001 /* Debug */ = {
			isa = XCBuildConfiguration;
			buildSettings = {
				ARCHS = arm64;
				CODE_SIGN_IDENTITY = "-";
				CODE_SIGN_STYLE = Automatic;
				CODE_SIGNING_ALLOWED = YES;
				GENERATE_INFOPLIST_FILE = YES;
				MACOSX_DEPLOYMENT_TARGET = 14.0;
				PRODUCT_BUNDLE_IDENTIFIER = local.teller.TransactionClassifierUITestHost;
				PRODUCT_NAME = "$(TARGET_NAME)";
				SWIFT_VERSION = 5.9;
			};
			name = Debug;
		};
		A10005010000000000000002 /* Release */ = {
			isa = XCBuildConfiguration;
			buildSettings = {
				ARCHS = arm64;
				CODE_SIGN_IDENTITY = "-";
				CODE_SIGN_STYLE = Automatic;
				CODE_SIGNING_ALLOWED = YES;
				GENERATE_INFOPLIST_FILE = YES;
				MACOSX_DEPLOYMENT_TARGET = 14.0;
				PRODUCT_BUNDLE_IDENTIFIER = local.teller.TransactionClassifierUITestHost;
				PRODUCT_NAME = "$(TARGET_NAME)";
				SWIFT_VERSION = 5.9;
			};
			name = Release;
		};
		A10005010000000000000003 /* Debug */ = {
			isa = XCBuildConfiguration;
			buildSettings = {
				ARCHS = arm64;
				CODE_SIGN_IDENTITY = "-";
				CODE_SIGN_STYLE = Automatic;
				CODE_SIGNING_ALLOWED = YES;
				GENERATE_INFOPLIST_FILE = YES;
				MACOSX_DEPLOYMENT_TARGET = 14.0;
				PRODUCT_BUNDLE_IDENTIFIER = local.teller.TransactionClassifierUITests;
				PRODUCT_NAME = "$(TARGET_NAME)";
				SWIFT_VERSION = 5.9;
				TEST_TARGET_NAME = TransactionClassifierUITestHost;
			};
			name = Debug;
		};
		A10005010000000000000004 /* Release */ = {
			isa = XCBuildConfiguration;
			buildSettings = {
				ARCHS = arm64;
				CODE_SIGN_IDENTITY = "-";
				CODE_SIGN_STYLE = Automatic;
				CODE_SIGNING_ALLOWED = YES;
				GENERATE_INFOPLIST_FILE = YES;
				MACOSX_DEPLOYMENT_TARGET = 14.0;
				PRODUCT_BUNDLE_IDENTIFIER = local.teller.TransactionClassifierUITests;
				PRODUCT_NAME = "$(TARGET_NAME)";
				SWIFT_VERSION = 5.9;
				TEST_TARGET_NAME = TransactionClassifierUITestHost;
			};
			name = Release;
		};
		A10005010000000000000005 /* Debug */ = {
			isa = XCBuildConfiguration;
			buildSettings = {
				ALWAYS_SEARCH_USER_PATHS = NO;
				ALWAYS_USE_SEPARATE_HEADERMAPS = YES;
				CODE_SIGN_IDENTITY = "-";
				CODE_SIGN_STYLE = Automatic;
				CODE_SIGNING_ALLOWED = YES;
			};
			name = Debug;
		};
		A10005010000000000000006 /* Release */ = {
			isa = XCBuildConfiguration;
			buildSettings = {
				ALWAYS_SEARCH_USER_PATHS = NO;
				ALWAYS_USE_SEPARATE_HEADERMAPS = YES;
				CODE_SIGN_IDENTITY = "-";
				CODE_SIGN_STYLE = Automatic;
				CODE_SIGNING_ALLOWED = YES;
			};
			name = Release;
		};
/* End XCBuildConfiguration section */

/* Begin XCConfigurationList section */
		A10006010000000000000001 /* Build configuration list for PBXNativeTarget "TransactionClassifierUITestHost" */ = {
			isa = XCConfigurationList;
			buildConfigurations = (
				A10005010000000000000001 /* Debug */,
				A10005010000000000000002 /* Release */,
			);
			defaultConfigurationIsVisible = 0;
			defaultConfigurationName = Debug;
		};
		A10006010000000000000002 /* Build configuration list for PBXNativeTarget "TransactionClassifierUITests" */ = {
			isa = XCConfigurationList;
			buildConfigurations = (
				A10005010000000000000003 /* Debug */,
				A10005010000000000000004 /* Release */,
			);
			defaultConfigurationIsVisible = 0;
			defaultConfigurationName = Debug;
		};
		A10006010000000000000003 /* Build configuration list for PBXProject "TransactionClassifierUIAutomation" */ = {
			isa = XCConfigurationList;
			buildConfigurations = (
				A10005010000000000000005 /* Debug */,
				A10005010000000000000006 /* Release */,
			);
			defaultConfigurationIsVisible = 0;
			defaultConfigurationName = Debug;
		};
/* End XCConfigurationList section */
	};
	rootObject = A10009010000000000000001 /* Project object */;
}
